version: 1.0
shards:
  bitcoin_rpc:
    github: greenbigfrog/bitcoin_rpc
    commit: c43d9ee9bb1ec25ca14322a06d3709f5a414fe3d

  db:
    github: crystal-lang/crystal-db
    version: 0.7.0

  discordcr:
    github: incognitojam/discordcr
    commit: 10b5b946337c6d8c9f2e057b045587e53afbacc4

  pg:
    github: greenbigfrog/crystal-pg
    commit: 764797e80675906c05ca7a0b02c2839f6dbb4522

