version: 1.0
shards:
  bitcoin_rpc:
    github: greenbigfrog/bitcoin_rpc
    commit: c43d9ee9bb1ec25ca14322a06d3709f5a414fe3d

  db:
    github: crystal-lang/crystal-db
    version: 0.7.0

  discordcr:
    github: greenbigfrog/discordcr
    commit: d63b0d51ddba27b6342acad8364e656073c3bdde

  pg:
    github: greenbigfrog/crystal-pg
    commit: 764797e80675906c05ca7a0b02c2839f6dbb4522

